# This file is automatically @generated by Poetry and should not be changed by hand.

[[package]]
name = "adafruit-blinka"
version = "8.10.0"
description = "CircuitPython APIs for non-CircuitPython versions of Python such as CPython on Linux and MicroPython."
category = "main"
optional = false
python-versions = ">=3.7.0"
files = [
    {file = "Adafruit-Blinka-8.10.0.tar.gz", hash = "sha256:2a2269c7ee9c975f768baca5e10c512a65e0ac98977edbed3f8f6d5a3a0dc411"},
    {file = "Adafruit_Blinka-8.10.0-py3-none-any.whl", hash = "sha256:4b290aca7312cf4342eef225e857b58118b547b30da3561ee128165930a7b03e"},
]

[package.dependencies]
adafruit-circuitpython-typing = "*"
Adafruit-PlatformDetect = ">=3.13.0"
Adafruit-PureIO = ">=1.1.7"
pyftdi = ">=0.40.0"

[[package]]
name = "adafruit-circuitpython-amg88xx"
version = "1.2.15"
description = "CircuitPython library for AMG88xx thermal camera."
category = "main"
optional = false
python-versions = "*"
files = [
    {file = "adafruit-circuitpython-amg88xx-1.2.15.tar.gz", hash = "sha256:d7162aa2d06336619dddd00076af88e4c539346ba1480108543ab5893fb7f88a"},
]

[package.dependencies]
Adafruit-Blinka = "*"
adafruit-circuitpython-busdevice = "*"
adafruit-circuitpython-register = "*"

[[package]]
name = "adafruit-circuitpython-busdevice"
version = "5.2.3"
description = "CircuitPython bus device classes to manage bus sharing."
category = "main"
optional = false
python-versions = "*"
files = [
    {file = "adafruit-circuitpython-busdevice-5.2.3.tar.gz", hash = "sha256:faa572b613a0732de938ed008402dfb105d91adb5d0096bf2709f46669a94885"},
    {file = "adafruit_circuitpython_busdevice-5.2.3-py3-none-any.whl", hash = "sha256:062d010b29ba814c764fbe3a693b7ebbd329b70a9fd5ebde40e0faa020e5fae7"},
]

[package.dependencies]
Adafruit-Blinka = ">=7.0.0"
adafruit-circuitpython-typing = "*"

[[package]]
name = "adafruit-circuitpython-register"
version = "1.9.15"
description = "CircuitPython data descriptor classes to represent hardware registers on I2C and SPI devices."
category = "main"
optional = false
python-versions = "*"
files = [
    {file = "adafruit-circuitpython-register-1.9.15.tar.gz", hash = "sha256:3134be4e188d098c32d7a903497003558473ac719b7963aff0533c3ba2e6d0ed"},
    {file = "adafruit_circuitpython_register-1.9.15-py3-none-any.whl", hash = "sha256:914750f88d237b03f6d363495c198bd3c2e6616715f39366573e8cac66df4d8e"},
]

[package.dependencies]
Adafruit-Blinka = "*"
adafruit-circuitpython-busdevice = "*"
adafruit-circuitpython-typing = ">=1.3.1,<2.0.0"
typing-extensions = ">=4.0,<5.0"

[[package]]
name = "adafruit-circuitpython-requests"
version = "1.12.11"
description = "A requests-like library for web interfacing"
category = "main"
optional = false
python-versions = "*"
files = [
    {file = "adafruit-circuitpython-requests-1.12.11.tar.gz", hash = "sha256:48b69b11103ac9786d76dcc102085286b287d8879aaaaccaf4bec76bd3ca909d"},
    {file = "adafruit_circuitpython_requests-1.12.11-py3-none-any.whl", hash = "sha256:bba406ba713852a23fe3e2cd592de705f39fa32e8e527653798591a744b0481d"},
]

[package.dependencies]
Adafruit-Blinka = "*"

[[package]]
name = "adafruit-circuitpython-typing"
version = "1.8.3"
description = "Types needed for type annotation that are not in `typing`"
category = "main"
optional = false
python-versions = "*"
files = [
    {file = "adafruit-circuitpython-typing-1.8.3.tar.gz", hash = "sha256:6c1c2db749a7daa1528548cb899397bf4793895c80ffe2a7ce0922ad3aeabf01"},
    {file = "adafruit_circuitpython_typing-1.8.3-py3-none-any.whl", hash = "sha256:31d0b597235fb8a56e875f4588800b4b2ac59c00fd554540cbe7759586aa0622"},
]

[package.dependencies]
Adafruit-Blinka = "*"
adafruit-circuitpython-busdevice = "*"
adafruit-circuitpython-requests = "*"
typing-extensions = ">=4.0,<5.0"

[[package]]
name = "adafruit-platformdetect"
version = "3.38.0"
description = "Platform detection for use by libraries like Adafruit-Blinka."
category = "main"
optional = false
python-versions = ">=3.7.0"
files = [
    {file = "Adafruit-PlatformDetect-3.38.0.tar.gz", hash = "sha256:5129ce7ff9f0b80c99a6fcbf717a50b6458a5cf2aed218f51c5c2896ba5e7103"},
]

[[package]]
name = "adafruit-pureio"
version = "1.1.9"
description = "Pure python (i.e. no native extensions) access to Linux IO    including I2C and SPI. Drop in replacement for smbus and spidev modules."
category = "main"
optional = false
python-versions = ">=3.5.0"
files = [
    {file = "Adafruit_PureIO-1.1.9.tar.gz", hash = "sha256:2caf22fb07c7f771d83267f331a76cde314723f884a9570ea6f768730c87a879"},
]

[[package]]
name = "autoflake"
version = "1.7.7"
description = "Removes unused imports and unused variables"
category = "dev"
optional = false
python-versions = ">=3.7"
files = [
    {file = "autoflake-1.7.7-py3-none-any.whl", hash = "sha256:a9b43d08f8e455824e4f7b3f078399f59ba538ba53872f466c09e55c827773ef"},
    {file = "autoflake-1.7.7.tar.gz", hash = "sha256:c8e4fc41aa3eae0f5c94b939e3a3d50923d7a9306786a6cbf4866a077b8f6832"},
]

[package.dependencies]
pyflakes = ">=1.1.0"
tomli = {version = ">=2.0.1", markers = "python_version < \"3.11\""}

[[package]]
name = "bell-avr-libraries"
version = "0.1.12"
description = "Common Python libraries used by parts of Bell AVR"
category = "main"
optional = false
python-versions = ">=3.8,<3.12"
files = [
    {file = "bell_avr_libraries-0.1.12-py3-none-any.whl", hash = "sha256:67eae622b168b9fee97125d85f638b0381f69d557657605db6215288f197e8ce"},
    {file = "bell_avr_libraries-0.1.12.tar.gz", hash = "sha256:32924dca40e0b94b6ec0cd7b6bf9e0f9224ae586e2ba164578bf6a7d9e613140"},
]

[package.dependencies]
loguru = ">=0.6.0,<0.7.0"
paho-mqtt = {version = ">=1.6.1,<2.0.0", optional = true, markers = "extra == \"mqtt\""}

[package.extras]
mqtt = ["paho-mqtt (>=1.6.1,<2.0.0)"]
serial = ["pyserial (>=3.5,<4.0)"]

[[package]]
name = "black"
version = "22.12.0"
description = "The uncompromising code formatter."
category = "dev"
optional = false
python-versions = ">=3.7"
files = [
    {file = "black-22.12.0-cp310-cp310-manylinux_2_17_x86_64.manylinux2014_x86_64.whl", hash = "sha256:9eedd20838bd5d75b80c9f5487dbcb06836a43833a37846cf1d8c1cc01cef59d"},
    {file = "black-22.12.0-cp310-cp310-win_amd64.whl", hash = "sha256:159a46a4947f73387b4d83e87ea006dbb2337eab6c879620a3ba52699b1f4351"},
    {file = "black-22.12.0-cp311-cp311-manylinux_2_17_x86_64.manylinux2014_x86_64.whl", hash = "sha256:d30b212bffeb1e252b31dd269dfae69dd17e06d92b87ad26e23890f3efea366f"},
    {file = "black-22.12.0-cp311-cp311-win_amd64.whl", hash = "sha256:7412e75863aa5c5411886804678b7d083c7c28421210180d67dfd8cf1221e1f4"},
    {file = "black-22.12.0-cp37-cp37m-manylinux_2_17_x86_64.manylinux2014_x86_64.whl", hash = "sha256:c116eed0efb9ff870ded8b62fe9f28dd61ef6e9ddd28d83d7d264a38417dcee2"},
    {file = "black-22.12.0-cp37-cp37m-win_amd64.whl", hash = "sha256:1f58cbe16dfe8c12b7434e50ff889fa479072096d79f0a7f25e4ab8e94cd8350"},
    {file = "black-22.12.0-cp38-cp38-manylinux_2_17_x86_64.manylinux2014_x86_64.whl", hash = "sha256:77d86c9f3db9b1bf6761244bc0b3572a546f5fe37917a044e02f3166d5aafa7d"},
    {file = "black-22.12.0-cp38-cp38-win_amd64.whl", hash = "sha256:82d9fe8fee3401e02e79767016b4907820a7dc28d70d137eb397b92ef3cc5bfc"},
    {file = "black-22.12.0-cp39-cp39-manylinux_2_17_x86_64.manylinux2014_x86_64.whl", hash = "sha256:101c69b23df9b44247bd88e1d7e90154336ac4992502d4197bdac35dd7ee3320"},
    {file = "black-22.12.0-cp39-cp39-win_amd64.whl", hash = "sha256:559c7a1ba9a006226f09e4916060982fd27334ae1998e7a38b3f33a37f7a2148"},
    {file = "black-22.12.0-py3-none-any.whl", hash = "sha256:436cc9167dd28040ad90d3b404aec22cedf24a6e4d7de221bec2730ec0c97bcf"},
    {file = "black-22.12.0.tar.gz", hash = "sha256:229351e5a18ca30f447bf724d007f890f97e13af070bb6ad4c0a441cd7596a2f"},
]

[package.dependencies]
click = ">=8.0.0"
mypy-extensions = ">=0.4.3"
pathspec = ">=0.9.0"
platformdirs = ">=2"
tomli = {version = ">=1.1.0", markers = "python_full_version < \"3.11.0a7\""}
typing-extensions = {version = ">=3.10.0.0", markers = "python_version < \"3.10\""}

[package.extras]
colorama = ["colorama (>=0.4.3)"]
d = ["aiohttp (>=3.7.4)"]
jupyter = ["ipython (>=7.8.0)", "tokenize-rt (>=3.2.0)"]
uvloop = ["uvloop (>=0.15.2)"]

[[package]]
name = "click"
version = "8.1.3"
description = "Composable command line interface toolkit"
category = "dev"
optional = false
python-versions = ">=3.7"
files = [
    {file = "click-8.1.3-py3-none-any.whl", hash = "sha256:bb4d8133cb15a609f44e8213d9b391b0809795062913b383c62be0ee95b1db48"},
    {file = "click-8.1.3.tar.gz", hash = "sha256:7682dc8afb30297001674575ea00d1814d808d6a36af415a82bd481d37ba7b8e"},
]

[package.dependencies]
colorama = {version = "*", markers = "platform_system == \"Windows\""}

[[package]]
name = "colorama"
version = "0.4.6"
description = "Cross-platform colored terminal text."
category = "main"
optional = false
python-versions = "!=3.0.*,!=3.1.*,!=3.2.*,!=3.3.*,!=3.4.*,!=3.5.*,!=3.6.*,>=2.7"
files = [
    {file = "colorama-0.4.6-py2.py3-none-any.whl", hash = "sha256:4f1d9991f5acc0ca119f9d443620b77f9d6b33703e51011c16baf57afb285fc6"},
    {file = "colorama-0.4.6.tar.gz", hash = "sha256:08695f5cb7ed6e0531a20572697297273c47b8cae5a63ffc6d6ed5c201be6e44"},
]

[[package]]
name = "flake8"
version = "6.0.0"
description = "the modular source code checker: pep8 pyflakes and co"
category = "dev"
optional = false
python-versions = ">=3.8.1"
files = [
    {file = "flake8-6.0.0-py2.py3-none-any.whl", hash = "sha256:3833794e27ff64ea4e9cf5d410082a8b97ff1a06c16aa3d2027339cd0f1195c7"},
    {file = "flake8-6.0.0.tar.gz", hash = "sha256:c61007e76655af75e6785a931f452915b371dc48f56efd765247c8fe68f2b181"},
]

[package.dependencies]
mccabe = ">=0.7.0,<0.8.0"
pycodestyle = ">=2.10.0,<2.11.0"
pyflakes = ">=3.0.0,<3.1.0"

[[package]]
name = "isort"
version = "5.11.3"
description = "A Python utility / library to sort Python imports."
category = "dev"
optional = false
python-versions = ">=3.7.0"
files = [
    {file = "isort-5.11.3-py3-none-any.whl", hash = "sha256:83155ffa936239d986b0f190347a3f2285f42a9b9e1725c89d865b27dd0627e5"},
    {file = "isort-5.11.3.tar.gz", hash = "sha256:a8ca25fbfad0f7d5d8447a4314837298d9f6b23aed8618584c894574f626b64b"},
]

[package.extras]
colors = ["colorama (>=0.4.3,<0.5.0)"]
pipfile-deprecated-finder = ["pipreqs", "requirementslib"]
plugins = ["setuptools"]
requirements-deprecated-finder = ["pip-api", "pipreqs"]

[[package]]
name = "jetson-gpio"
version = "2.0.20"
description = "A module to control Jetson GPIO channels"
category = "main"
optional = false
python-versions = "*"
files = [
    {file = "Jetson.GPIO-2.0.20.tar.gz", hash = "sha256:b55b3d5a2b9ba67e7ffc816fae8f0d4b3ba288084bfbe0775a0c12ce863939a4"},
]

[[package]]
name = "loguru"
version = "0.6.0"
description = "Python logging made (stupidly) simple"
category = "main"
optional = false
python-versions = ">=3.5"
files = [
    {file = "loguru-0.6.0-py3-none-any.whl", hash = "sha256:4e2414d534a2ab57573365b3e6d0234dfb1d84b68b7f3b948e6fb743860a77c3"},
    {file = "loguru-0.6.0.tar.gz", hash = "sha256:066bd06758d0a513e9836fd9c6b5a75bfb3fd36841f4b996bc60b547a309d41c"},
]

[package.dependencies]
colorama = {version = ">=0.3.4", markers = "sys_platform == \"win32\""}
win32-setctime = {version = ">=1.0.0", markers = "sys_platform == \"win32\""}

[package.extras]
dev = ["Sphinx (>=4.1.1)", "black (>=19.10b0)", "colorama (>=0.3.4)", "docutils (==0.16)", "flake8 (>=3.7.7)", "isort (>=5.1.1)", "pytest (>=4.6.2)", "pytest-cov (>=2.7.1)", "sphinx-autobuild (>=0.7.1)", "sphinx-rtd-theme (>=0.4.3)", "tox (>=3.9.0)"]

[[package]]
name = "mccabe"
version = "0.7.0"
description = "McCabe checker, plugin for flake8"
category = "dev"
optional = false
python-versions = ">=3.6"
files = [
    {file = "mccabe-0.7.0-py2.py3-none-any.whl", hash = "sha256:6c2d30ab6be0e4a46919781807b4f0d834ebdd6c6e3dca0bda5a15f863427b6e"},
    {file = "mccabe-0.7.0.tar.gz", hash = "sha256:348e0240c33b60bbdf4e523192ef919f28cb2c3d7d5c7794f74009290f236325"},
]

[[package]]
name = "mypy-extensions"
version = "0.4.3"
description = "Experimental type system extensions for programs checked with the mypy typechecker."
category = "dev"
optional = false
python-versions = "*"
files = [
    {file = "mypy_extensions-0.4.3-py2.py3-none-any.whl", hash = "sha256:090fedd75945a69ae91ce1303b5824f428daf5a028d2f6ab8a299250a846f15d"},
    {file = "mypy_extensions-0.4.3.tar.gz", hash = "sha256:2d82818f5bb3e369420cb3c4060a7970edba416647068eb4c5343488a6c604a8"},
]

[[package]]
name = "paho-mqtt"
version = "1.6.1"
description = "MQTT version 5.0/3.1.1 client class"
category = "main"
optional = false
python-versions = "*"
files = [
    {file = "paho-mqtt-1.6.1.tar.gz", hash = "sha256:2a8291c81623aec00372b5a85558a372c747cbca8e9934dfe218638b8eefc26f"},
]

[package.extras]
proxy = ["PySocks"]

[[package]]
name = "pathspec"
version = "0.10.3"
description = "Utility library for gitignore style pattern matching of file paths."
category = "dev"
optional = false
python-versions = ">=3.7"
files = [
    {file = "pathspec-0.10.3-py3-none-any.whl", hash = "sha256:3c95343af8b756205e2aba76e843ba9520a24dd84f68c22b9f93251507509dd6"},
    {file = "pathspec-0.10.3.tar.gz", hash = "sha256:56200de4077d9d0791465aa9095a01d421861e405b5096955051deefd697d6f6"},
]

[[package]]
name = "platformdirs"
version = "2.6.0"
description = "A small Python package for determining appropriate platform-specific dirs, e.g. a \"user data dir\"."
category = "dev"
optional = false
python-versions = ">=3.7"
files = [
    {file = "platformdirs-2.6.0-py3-none-any.whl", hash = "sha256:1a89a12377800c81983db6be069ec068eee989748799b946cce2a6e80dcc54ca"},
    {file = "platformdirs-2.6.0.tar.gz", hash = "sha256:b46ffafa316e6b83b47489d240ce17173f123a9b9c83282141c3daf26ad9ac2e"},
]

[package.extras]
docs = ["furo (>=2022.9.29)", "proselint (>=0.13)", "sphinx (>=5.3)", "sphinx-autodoc-typehints (>=1.19.4)"]
test = ["appdirs (==1.4.4)", "pytest (>=7.2)", "pytest-cov (>=4)", "pytest-mock (>=3.10)"]

[[package]]
name = "pycodestyle"
version = "2.10.0"
description = "Python style guide checker"
category = "dev"
optional = false
python-versions = ">=3.6"
files = [
    {file = "pycodestyle-2.10.0-py2.py3-none-any.whl", hash = "sha256:8a4eaf0d0495c7395bdab3589ac2db602797d76207242c17d470186815706610"},
    {file = "pycodestyle-2.10.0.tar.gz", hash = "sha256:347187bdb476329d98f695c213d7295a846d1152ff4fe9bacb8a9590b8ee7053"},
]

[[package]]
name = "pyflakes"
version = "3.0.1"
description = "passive checker of Python programs"
category = "dev"
optional = false
python-versions = ">=3.6"
files = [
    {file = "pyflakes-3.0.1-py2.py3-none-any.whl", hash = "sha256:ec55bf7fe21fff7f1ad2f7da62363d749e2a470500eab1b555334b67aa1ef8cf"},
    {file = "pyflakes-3.0.1.tar.gz", hash = "sha256:ec8b276a6b60bd80defed25add7e439881c19e64850afd9b346283d4165fd0fd"},
]

[[package]]
name = "pyftdi"
version = "0.54.0"
description = "FTDI device driver (pure Python)"
category = "main"
optional = false
python-versions = ">=3.7"
files = [
    {file = "pyftdi-0.54.0-py3-none-any.whl", hash = "sha256:112f16ee5b2a2becb8f8df9dd40b3bba007589f34e7613024122d94bd56eb7d7"},
    {file = "pyftdi-0.54.0.tar.gz", hash = "sha256:8df9af22077d17533d2f95b508b1d87959877627ea5dc2369056e90a3b5a232d"},
]

[package.dependencies]
pyserial = ">=3.0"
pyusb = ">=1.0.0,<1.2.0 || >1.2.0"

[[package]]
name = "pyleft"
version = "1.1.1"
description = "Python type annotation existence checker"
category = "dev"
optional = false
python-versions = ">=3.6.2,<4.0"
files = [
    {file = "pyleft-1.1.1-py3-none-any.whl", hash = "sha256:d0d6460792c9d672c843e4bf55a3c2dc7d158387cbc05e0fcec274b9d6a33abc"},
    {file = "pyleft-1.1.1.tar.gz", hash = "sha256:fe401109ee356c7e5274633417a8d2acdbb1108dd9d60398ec833c0ddd9e2bff"},
]

[package.dependencies]
pathspec = ">=0.9.0"
tomli = ">=1.1.0"

[[package]]
name = "pyproject-flake8"
version = "6.0.0.post1"
description = "pyproject-flake8 (`pflake8`), a monkey patching wrapper to connect flake8 with pyproject.toml configuration"
category = "dev"
optional = false
python-versions = ">=3.8.1"
files = [
    {file = "pyproject-flake8-6.0.0.post1.tar.gz", hash = "sha256:d43421caca0ef8a672874405fe63c722b0333e3c22c41648c6df60f21bab2b6b"},
    {file = "pyproject_flake8-6.0.0.post1-py3-none-any.whl", hash = "sha256:bdc7ca9b967b9724983903489b8943b72c668178fb69f03e8774ec74f6a13782"},
]

[package.dependencies]
flake8 = "6.0.0"
tomli = {version = "*", markers = "python_version < \"3.11\""}

[[package]]
name = "pyserial"
version = "3.5"
description = "Python Serial Port Extension"
category = "main"
optional = false
python-versions = "*"
files = [
    {file = "pyserial-3.5-py2.py3-none-any.whl", hash = "sha256:c4451db6ba391ca6ca299fb3ec7bae67a5c55dde170964c7a14ceefec02f2cf0"},
    {file = "pyserial-3.5.tar.gz", hash = "sha256:3c77e014170dfffbd816e6ffc205e9842efb10be9f58ec16d3e8675b4925cddb"},
]

[package.extras]
cp2110 = ["hidapi"]

[[package]]
name = "pyusb"
version = "1.2.1"
description = "Python USB access module"
category = "main"
optional = false
python-versions = ">=3.6.0"
files = [
    {file = "pyusb-1.2.1-py3-none-any.whl", hash = "sha256:2b4c7cb86dbadf044dfb9d3a4ff69fd217013dbe78a792177a3feb172449ea36"},
    {file = "pyusb-1.2.1.tar.gz", hash = "sha256:a4cc7404a203144754164b8b40994e2849fde1cfff06b08492f12fff9d9de7b9"},
]

[[package]]
name = "tomli"
version = "2.0.1"
description = "A lil' TOML parser"
category = "dev"
optional = false
python-versions = ">=3.7"
files = [
    {file = "tomli-2.0.1-py3-none-any.whl", hash = "sha256:939de3e7a6161af0c887ef91b7d41a53e7c5a1ca976325f429cb46ea9bc30ecc"},
    {file = "tomli-2.0.1.tar.gz", hash = "sha256:de526c12914f0c550d15924c62d72abc48d6fe7364aa87328337a31007fe8a4f"},
]

[[package]]
name = "typing-extensions"
version = "4.4.0"
description = "Backported and Experimental Type Hints for Python 3.7+"
category = "main"
optional = false
python-versions = ">=3.7"
files = [
    {file = "typing_extensions-4.4.0-py3-none-any.whl", hash = "sha256:16fa4864408f655d35ec496218b85f79b3437c829e93320c7c9215ccfd92489e"},
    {file = "typing_extensions-4.4.0.tar.gz", hash = "sha256:1511434bb92bf8dd198c12b1cc812e800d4181cfcb867674e0f8279cc93087aa"},
]

[[package]]
name = "win32-setctime"
version = "1.1.0"
description = "A small Python utility to set file creation time on Windows"
category = "main"
optional = false
python-versions = ">=3.5"
files = [
    {file = "win32_setctime-1.1.0-py3-none-any.whl", hash = "sha256:231db239e959c2fe7eb1d7dc129f11172354f98361c4fa2d6d2d7e278baa8aad"},
    {file = "win32_setctime-1.1.0.tar.gz", hash = "sha256:15cf5750465118d6929ae4de4eb46e8edae9a5634350c01ba582df868e932cb2"},
]

[package.extras]
dev = ["black (>=19.3b0)", "pytest (>=4.6.2)"]

[metadata]
lock-version = "2.0"
    python-versions = ">=3.9,<3.12"
content-hash = "f8358125212c29eabab8ae1d1e4e985cff1fe5c782977b62b9aeb2f603b6776e"
